{
  "name": "@typedly/hooks",
  "version": "1.0.0",
  "lockfileVersion": 3,
  "requires": true,
  "packages": {
    "": {
      "name": "@typedly/hooks",
      "version": "1.0.0",
      "funding": [
        {
          "type": "stripe",
          "url": "https://donate.stripe.com/dR614hfDZcJE3wAcMM"
        },
        {
          "type": "revolut",
          "url": "https://checkout.revolut.com/pay/048b10a3-0e10-42c8-a917-e3e9cb4c8e29"
        }
      ],
      "license": "MIT",
      "peerDependencies": {
        "@typedly/callback": "^2.0.0"
      }
    },
    "node_modules/@typedly/callback": {
      "version": "2.0.0",
      "resolved": "https://registry.npmjs.org/@typedly/callback/-/callback-2.0.0.tgz",
      "integrity": "sha512-gRxeDFOvmaENiYpoSBE5mbaCMorX2d1V1jCLe9N0WPJIg+lnczCwnK24zj7UiXvMprp5BYvgT+qauHTJdpkcxA==",
      "funding": [
        {
          "type": "stripe",
          "url": "https://donate.stripe.com/dR614hfDZcJE3wAcMM"
        },
        {
          "type": "revolut",
          "url": "https://checkout.revolut.com/pay/048b10a3-0e10-42c8-a917-e3e9cb4c8e29"
        }
      ],
      "license": "MIT",
      "peer": true
    }
  }
}
